
Microsoft Visual Studio Solution File, Format Version 12.00
# Visual Studio 14
VisualStudioVersion = 14.0.25420.1
MinimumVisualStudioVersion = 10.0.40219.1
Project("{FAE04EC0-301F-11D3-BF4B-00C04F79EFBC}") = "SharePoint.Explorer", "SharePoint.Explorer.csproj", "{16CE239F-C8B2-49D0-AC28-06D2AD3454B0}"
EndProject
Project("{2150E333-8FDC-42A3-9474-1A3956D46DE8}") = "SharePoint", "SharePoint", "{13554FCA-8F63-469C-ACD7-86F972A70E23}"
	ProjectSection(SolutionItems) = preProject
		..\SharePoint\github.SharePoint.Explorer.dwp = ..\SharePoint\github.SharePoint.Explorer.dwp
		..\SharePoint\SharePoint.Explorer.dwp = ..\SharePoint\SharePoint.Explorer.dwp
		..\SharePoint\SharePoint.Explorer.js = ..\SharePoint\SharePoint.Explorer.js
	EndProjectSection
EndProject
Global
	GlobalSection(SolutionConfigurationPlatforms) = preSolution
		Debug|Any CPU = Debug|Any CPU
		Release|Any CPU = Release|Any CPU
	EndGlobalSection
	GlobalSection(ProjectConfigurationPlatforms) = postSolution
		{16CE239F-C8B2-49D0-AC28-06D2AD3454B0}.Debug|Any CPU.ActiveCfg = Debug|Any CPU
		{16CE239F-C8B2-49D0-AC28-06D2AD3454B0}.Debug|Any CPU.Build.0 = Debug|Any CPU
		{16CE239F-C8B2-49D0-AC28-06D2AD3454B0}.Release|Any CPU.ActiveCfg = Release|Any CPU
		{16CE239F-C8B2-49D0-AC28-06D2AD3454B0}.Release|Any CPU.Build.0 = Release|Any CPU
	EndGlobalSection
	GlobalSection(SolutionProperties) = preSolution
		HideSolutionNode = FALSE
	EndGlobalSection
EndGlobal
